// !$*UTF8*$!
{
	archiveVersion = 1;
	classes = {
	};
	objectVersion = 46;
	objects = {

/* Begin PBXBuildFile section */
		351C63201ADC96E400DD8FC4 /* ListsViewController.m in Sources */ = {isa = PBXBuildFile; fileRef = 351C631F1ADC96E400DD8FC4 /* ListsViewController.m */; };
		351C63231ADC970100DD8FC4 /* TasksViewController.m in Sources */ = {isa = PBXBuildFile; fileRef = 351C63221ADC970100DD8FC4 /* TasksViewController.m */; };
		359CFF031ADC8F000031A416 /* main.m in Sources */ = {isa = PBXBuildFile; fileRef = 359CFF021ADC8F000031A416 /* main.m */; };
		359CFF061ADC8F000031A416 /* AppDelegate.m in Sources */ = {isa = PBXBuildFile; fileRef = 359CFF051ADC8F000031A416 /* AppDelegate.m */; };
		359CFF091ADC8F000031A416 /* FirstViewController.m in Sources */ = {isa = PBXBuildFile; fileRef = 359CFF081ADC8F000031A416 /* FirstViewController.m */; };
		359CFF0C1ADC8F000031A416 /* SecondViewController.m in Sources */ = {isa = PBXBuildFile; fileRef = 359CFF0B1ADC8F000031A416 /* SecondViewController.m */; };
		359CFF0F1ADC8F000031A416 /* Main.storyboard in Resources */ = {isa = PBXBuildFile; fileRef = 359CFF0D1ADC8F000031A416 /* Main.storyboard */; };
		359CFF111ADC8F000031A416 /* Images.xcassets in Resources */ = {isa = PBXBuildFile; fileRef = 359CFF101ADC8F000031A416 /* Images.xcassets */; };
		359CFF141ADC8F000031A416 /* LaunchScreen.xib in Resources */ = {isa = PBXBuildFile; fileRef = 359CFF121ADC8F000031A416 /* LaunchScreen.xib */; };
		359CFF201ADC8F000031A416 /* KeetTests.m in Sources */ = {isa = PBXBuildFile; fileRef = 359CFF1F1ADC8F000031A416 /* KeetTests.m */; };
		4045FFE81ADE021200687CC1 /* Keet.png in Resources */ = {isa = PBXBuildFile; fileRef = 4045FFE71ADE021200687CC1 /* Keet.png */; };
		405959AD1ADC93DD00FB3B75 /* Simbolo.png in Resources */ = {isa = PBXBuildFile; fileRef = 405959AC1ADC93DD00FB3B75 /* Simbolo.png */; };
/* End PBXBuildFile section */

/* Begin PBXContainerItemProxy section */
		359CFF1A1ADC8F000031A416 /* PBXContainerItemProxy */ = {
			isa = PBXContainerItemProxy;
			containerPortal = 359CFEF51ADC8F000031A416 /* Project object */;
			proxyType = 1;
			remoteGlobalIDString = 359CFEFC1ADC8F000031A416;
			remoteInfo = Keet;
		};
/* End PBXContainerItemProxy section */

/* Begin PBXFileReference section */
		351C631E1ADC96E400DD8FC4 /* ListsViewController.h */ = {isa = PBXFileReference; fileEncoding = 4; lastKnownFileType = sourcecode.c.h; path = ListsViewController.h; sourceTree = "<group>"; };
		351C631F1ADC96E400DD8FC4 /* ListsViewController.m */ = {isa = PBXFileReference; fileEncoding = 4; lastKnownFileType = sourcecode.c.objc; path = ListsViewController.m; sourceTree = "<group>"; };
		351C63211ADC970100DD8FC4 /* TasksViewController.h */ = {isa = PBXFileReference; fileEncoding = 4; lastKnownFileType = sourcecode.c.h; path = TasksViewController.h; sourceTree = "<group>"; };
		351C63221ADC970100DD8FC4 /* TasksViewController.m */ = {isa = PBXFileReference; fileEncoding = 4; lastKnownFileType = sourcecode.c.objc; path = TasksViewController.m; sourceTree = "<group>"; };
		359CFEFD1ADC8F000031A416 /* Keet.app */ = {isa = PBXFileReference; explicitFileType = wrapper.application; includeInIndex = 0; path = Keet.app; sourceTree = BUILT_PRODUCTS_DIR; };
		359CFF011ADC8F000031A416 /* Info.plist */ = {isa = PBXFileReference; lastKnownFileType = text.plist.xml; path = Info.plist; sourceTree = "<group>"; };
		359CFF021ADC8F000031A416 /* main.m */ = {isa = PBXFileReference; lastKnownFileType = sourcecode.c.objc; path = main.m; sourceTree = "<group>"; };
		359CFF041ADC8F000031A416 /* AppDelegate.h */ = {isa = PBXFileReference; lastKnownFileType = sourcecode.c.h; path = AppDelegate.h; sourceTree = "<group>"; };
		359CFF051ADC8F000031A416 /* AppDelegate.m */ = {isa = PBXFileReference; lastKnownFileType = sourcecode.c.objc; path = AppDelegate.m; sourceTree = "<group>"; };
		359CFF071ADC8F000031A416 /* FirstViewController.h */ = {isa = PBXFileReference; lastKnownFileType = sourcecode.c.h; path = FirstViewController.h; sourceTree = "<group>"; };
		359CFF081ADC8F000031A416 /* FirstViewController.m */ = {isa = PBXFileReference; lastKnownFileType = sourcecode.c.objc; path = FirstViewController.m; sourceTree = "<group>"; };
		359CFF0A1ADC8F000031A416 /* SecondViewController.h */ = {isa = PBXFileReference; lastKnownFileType = sourcecode.c.h; path = SecondViewController.h; sourceTree = "<group>"; };
		359CFF0B1ADC8F000031A416 /* SecondViewController.m */ = {isa = PBXFileReference; lastKnownFileType = sourcecode.c.objc; path = SecondViewController.m; sourceTree = "<group>"; };
		359CFF0E1ADC8F000031A416 /* Base */ = {isa = PBXFileReference; lastKnownFileType = file.storyboard; name = Base; path = Base.lproj/Main.storyboard; sourceTree = "<group>"; };
		359CFF101ADC8F000031A416 /* Images.xcassets */ = {isa = PBXFileReference; lastKnownFileType = folder.assetcatalog; path = Images.xcassets; sourceTree = "<group>"; };
		359CFF131ADC8F000031A416 /* Base */ = {isa = PBXFileReference; lastKnownFileType = file.xib; name = Base; path = Base.lproj/LaunchScreen.xib; sourceTree = "<group>"; };
		359CFF191ADC8F000031A416 /* KeetTests.xctest */ = {isa = PBXFileReference; explicitFileType = wrapper.cfbundle; includeInIndex = 0; path = KeetTests.xctest; sourceTree = BUILT_PRODUCTS_DIR; };
		359CFF1E1ADC8F000031A416 /* Info.plist */ = {isa = PBXFileReference; lastKnownFileType = text.plist.xml; path = Info.plist; sourceTree = "<group>"; };
		359CFF1F1ADC8F000031A416 /* KeetTests.m */ = {isa = PBXFileReference; lastKnownFileType = sourcecode.c.objc; path = KeetTests.m; sourceTree = "<group>"; };
		4045FFE71ADE021200687CC1 /* Keet.png */ = {isa = PBXFileReference; lastKnownFileType = image.png; path = Keet.png; sourceTree = "<group>"; };
		405959AC1ADC93DD00FB3B75 /* Simbolo.png */ = {isa = PBXFileReference; lastKnownFileType = image.png; path = Simbolo.png; sourceTree = "<group>"; };
/* End PBXFileReference section */

/* Begin PBXFrameworksBuildPhase section */
		359CFEFA1ADC8F000031A416 /* Frameworks */ = {
			isa = PBXFrameworksBuildPhase;
			buildActionMask = 2147483647;
			files = (
			);
			runOnlyForDeploymentPostprocessing = 0;
		};
		359CFF161ADC8F000031A416 /* Frameworks */ = {
			isa = PBXFrameworksBuildPhase;
			buildActionMask = 2147483647;
			files = (
			);
			runOnlyForDeploymentPostprocessing = 0;
		};
/* End PBXFrameworksBuildPhase section */

/* Begin PBXGroup section */
		359CFEF41ADC8F000031A416 = {
			isa = PBXGroup;
			children = (
				4045FFE71ADE021200687CC1 /* Keet.png */,
				405959AC1ADC93DD00FB3B75 /* Simbolo.png */,
				359CFEFF1ADC8F000031A416 /* Keet */,
				359CFF1C1ADC8F000031A416 /* KeetTests */,
				359CFEFE1ADC8F000031A416 /* Products */,
			);
			sourceTree = "<group>";
		};
		359CFEFE1ADC8F000031A416 /* Products */ = {
			isa = PBXGroup;
			children = (
				359CFEFD1ADC8F000031A416 /* Keet.app */,
				359CFF191ADC8F000031A416 /* KeetTests.xctest */,
			);
			name = Products;
			sourceTree = "<group>";
		};
		359CFEFF1ADC8F000031A416 /* Keet */ = {
			isa = PBXGroup;
			children = (
				359CFF041ADC8F000031A416 /* AppDelegate.h */,
				359CFF051ADC8F000031A416 /* AppDelegate.m */,
				359CFF071ADC8F000031A416 /* FirstViewController.h */,
				359CFF081ADC8F000031A416 /* FirstViewController.m */,
				359CFF0A1ADC8F000031A416 /* SecondViewController.h */,
				359CFF0B1ADC8F000031A416 /* SecondViewController.m */,
				359CFF0D1ADC8F000031A416 /* Main.storyboard */,
				351C63211ADC970100DD8FC4 /* TasksViewController.h */,
				351C63221ADC970100DD8FC4 /* TasksViewController.m */,
				351C631E1ADC96E400DD8FC4 /* ListsViewController.h */,
				351C631F1ADC96E400DD8FC4 /* ListsViewController.m */,
				359CFF101ADC8F000031A416 /* Images.xcassets */,
				359CFF121ADC8F000031A416 /* LaunchScreen.xib */,
				359CFF001ADC8F000031A416 /* Supporting Files */,
			);
			path = Keet;
			sourceTree = "<group>";
		};
		359CFF001ADC8F000031A416 /* Supporting Files */ = {
			isa = PBXGroup;
			children = (
				359CFF011ADC8F000031A416 /* Info.plist */,
				359CFF021ADC8F000031A416 /* main.m */,
			);
			name = "Supporting Files";
			sourceTree = "<group>";
		};
		359CFF1C1ADC8F000031A416 /* KeetTests */ = {
			isa = PBXGroup;
			children = (
				359CFF1F1ADC8F000031A416 /* KeetTests.m */,
				359CFF1D1ADC8F000031A416 /* Supporting Files */,
			);
			path = KeetTests;
			sourceTree = "<group>";
		};
		359CFF1D1ADC8F000031A416 /* Supporting Files */ = {
			isa = PBXGroup;
			children = (
				359CFF1E1ADC8F000031A416 /* Info.plist */,
			);
			name = "Supporting Files";
			sourceTree = "<group>";
		};
/* End PBXGroup section */

/* Begin PBXNativeTarget section */
		359CFEFC1ADC8F000031A416 /* Keet */ = {
			isa = PBXNativeTarget;
			buildConfigurationList = 359CFF231ADC8F000031A416 /* Build configuration list for PBXNativeTarget "Keet" */;
			buildPhases = (
				359CFEF91ADC8F000031A416 /* Sources */,
				359CFEFA1ADC8F000031A416 /* Frameworks */,
				359CFEFB1ADC8F000031A416 /* Resources */,
			);
			buildRules = (
			);
			dependencies = (
			);
			name = Keet;
			productName = Keet;
			productReference = 359CFEFD1ADC8F000031A416 /* Keet.app */;
			productType = "com.apple.product-type.application";
		};
		359CFF181ADC8F000031A416 /* KeetTests */ = {
			isa = PBXNativeTarget;
			buildConfigurationList = 359CFF261ADC8F000031A416 /* Build configuration list for PBXNativeTarget "KeetTests" */;
			buildPhases = (
				359CFF151ADC8F000031A416 /* Sources */,
				359CFF161ADC8F000031A416 /* Frameworks */,
				359CFF171ADC8F000031A416 /* Resources */,
			);
			buildRules = (
			);
			dependencies = (
				359CFF1B1ADC8F000031A416 /* PBXTargetDependency */,
			);
			name = KeetTests;
			productName = KeetTests;
			productReference = 359CFF191ADC8F000031A416 /* KeetTests.xctest */;
			productType = "com.apple.product-type.bundle.unit-test";
		};
/* End PBXNativeTarget section */

/* Begin PBXProject section */
		359CFEF51ADC8F000031A416 /* Project object */ = {
			isa = PBXProject;
			attributes = {
				LastUpgradeCheck = 0630;
				ORGANIZATIONNAME = "José Alberto Esquivel";
				TargetAttributes = {
					359CFEFC1ADC8F000031A416 = {
						CreatedOnToolsVersion = 6.3;
					};
					359CFF181ADC8F000031A416 = {
						CreatedOnToolsVersion = 6.3;
						TestTargetID = 359CFEFC1ADC8F000031A416;
					};
				};
			};
			buildConfigurationList = 359CFEF81ADC8F000031A416 /* Build configuration list for PBXProject "Keet" */;
			compatibilityVersion = "Xcode 3.2";
			developmentRegion = English;
			hasScannedForEncodings = 0;
			knownRegions = (
				en,
				Base,
			);
			mainGroup = 359CFEF41ADC8F000031A416;
			productRefGroup = 359CFEFE1ADC8F000031A416 /* Products */;
			projectDirPath = "";
			projectRoot = "";
			targets = (
				359CFEFC1ADC8F000031A416 /* Keet */,
				359CFF181ADC8F000031A416 /* KeetTests */,
			);
		};
/* End PBXProject section */

/* Begin PBXResourcesBuildPhase section */
		359CFEFB1ADC8F000031A416 /* Resources */ = {
			isa = PBXResourcesBuildPhase;
			buildActionMask = 2147483647;
			files = (
				359CFF0F1ADC8F000031A416 /* Main.storyboard in Resources */,
				405959AD1ADC93DD00FB3B75 /* Simbolo.png in Resources */,
				4045FFE81ADE021200687CC1 /* Keet.png in Resources */,
				359CFF141ADC8F000031A416 /* LaunchScreen.xib in Resources */,
				359CFF111ADC8F000031A416 /* Images.xcassets in Resources */,
			);
			runOnlyForDeploymentPostprocessing = 0;
		};
		359CFF171ADC8F000031A416 /* Resources */ = {
			isa = PBXResourcesBuildPhase;
			buildActionMask = 2147483647;
			files = (
			);
			runOnlyForDeploymentPostprocessing = 0;
		};
/* End PBXResourcesBuildPhase section */

/* Begin PBXSourcesBuildPhase section */
		359CFEF91ADC8F000031A416 /* Sources */ = {
			isa = PBXSourcesBuildPhase;
			buildActionMask = 2147483647;
			files = (
				351C63201ADC96E400DD8FC4 /* ListsViewController.m in Sources */,
				359CFF0C1ADC8F000031A416 /* SecondViewController.m in Sources */,
				359CFF061ADC8F000031A416 /* AppDelegate.m in Sources */,
				359CFF091ADC8F000031A416 /* FirstViewController.m in Sources */,
				359CFF031ADC8F000031A416 /* main.m in Sources */,
				351C63231ADC970100DD8FC4 /* TasksViewController.m in Sources */,
			);
			runOnlyForDeploymentPostprocessing = 0;
		};
		359CFF151ADC8F000031A416 /* Sources */ = {
			isa = PBXSourcesBuildPhase;
			buildActionMask = 2147483647;
			files = (
				359CFF201ADC8F000031A416 /* KeetTests.m in Sources */,
			);
			runOnlyForDeploymentPostprocessing = 0;
		};
/* End PBXSourcesBuildPhase section */

/* Begin PBXTargetDependency section */
		359CFF1B1ADC8F000031A416 /* PBXTargetDependency */ = {
			isa = PBXTargetDependency;
			target = 359CFEFC1ADC8F000031A416 /* Keet */;
			targetProxy = 359CFF1A1ADC8F000031A416 /* PBXContainerItemProxy */;
		};
/* End PBXTargetDependency section */

/* Begin PBXVariantGroup section */
		359CFF0D1ADC8F000031A416 /* Main.storyboard */ = {
			isa = PBXVariantGroup;
			children = (
				359CFF0E1ADC8F000031A416 /* Base */,
			);
			name = Main.storyboard;
			sourceTree = "<group>";
		};
		359CFF121ADC8F000031A416 /* LaunchScreen.xib */ = {
			isa = PBXVariantGroup;
			children = (
				359CFF131ADC8F000031A416 /* Base */,
			);
			name = LaunchScreen.xib;
			sourceTree = "<group>";
		};
/* End PBXVariantGroup section */

/* Begin XCBuildConfiguration section */
		359CFF211ADC8F000031A416 /* Debug */ = {
			isa = XCBuildConfiguration;
			buildSettings = {
				ALWAYS_SEARCH_USER_PATHS = NO;
				CLANG_CXX_LANGUAGE_STANDARD = "gnu++0x";
				CLANG_CXX_LIBRARY = "libc++";
				CLANG_ENABLE_MODULES = YES;
				CLANG_ENABLE_OBJC_ARC = YES;
				CLANG_WARN_BOOL_CONVERSION = YES;
				CLANG_WARN_CONSTANT_CONVERSION = YES;
				CLANG_WARN_DIRECT_OBJC_ISA_USAGE = YES_ERROR;
				CLANG_WARN_EMPTY_BODY = YES;
				CLANG_WARN_ENUM_CONVERSION = YES;
				CLANG_WARN_INT_CONVERSION = YES;
				CLANG_WARN_OBJC_ROOT_CLASS = YES_ERROR;
				CLANG_WARN_UNREACHABLE_CODE = YES;
				CLANG_WARN__DUPLICATE_METHOD_MATCH = YES;
				"CODE_SIGN_IDENTITY[sdk=iphoneos*]" = "iPhone Developer";
				COPY_PHASE_STRIP = NO;
				DEBUG_INFORMATION_FORMAT = "dwarf-with-dsym";
				ENABLE_STRICT_OBJC_MSGSEND = YES;
				GCC_C_LANGUAGE_STANDARD = gnu99;
				GCC_DYNAMIC_NO_PIC = NO;
				GCC_NO_COMMON_BLOCKS = YES;
				GCC_OPTIMIZATION_LEVEL = 0;
				GCC_PREPROCESSOR_DEFINITIONS = (
					"DEBUG=1",
					"$(inherited)",
				);
				GCC_SYMBOLS_PRIVATE_EXTERN = NO;
				GCC_WARN_64_TO_32_BIT_CONVERSION = YES;
				GCC_WARN_ABOUT_RETURN_TYPE = YES_ERROR;
				GCC_WARN_UNDECLARED_SELECTOR = YES;
				GCC_WARN_UNINITIALIZED_AUTOS = YES_AGGRESSIVE;
				GCC_WARN_UNUSED_FUNCTION = YES;
				GCC_WARN_UNUSED_VARIABLE = YES;
				IPHONEOS_DEPLOYMENT_TARGET = 8.3;
				MTL_ENABLE_DEBUG_INFO = YES;
				ONLY_ACTIVE_ARCH = YES;
				SDKROOT = iphoneos;
			};
			name = Debug;
		};
		359CFF221ADC8F000031A416 /* Release */ = {
			isa = XCBuildConfiguration;
			buildSettings = {
				ALWAYS_SEARCH_USER_PATHS = NO;
				CLANG_CXX_LANGUAGE_STANDARD = "gnu++0x";
				CLANG_CXX_LIBRARY = "libc++";
				CLANG_ENABLE_MODULES = YES;
				CLANG_ENABLE_OBJC_ARC = YES;
				CLANG_WARN_BOOL_CONVERSION = YES;
				CLANG_WARN_CONSTANT_CONVERSION = YES;
				CLANG_WARN_DIRECT_OBJC_ISA_USAGE = YES_ERROR;
				CLANG_WARN_EMPTY_BODY = YES;
				CLANG_WARN_ENUM_CONVERSION = YES;
				CLANG_WARN_INT_CONVERSION = YES;
				CLANG_WARN_OBJC_ROOT_CLASS = YES_ERROR;
				CLANG_WARN_UNREACHABLE_CODE = YES;
				CLANG_WARN__DUPLICATE_METHOD_MATCH = YES;
				"CODE_SIGN_IDENTITY[sdk=iphoneos*]" = "iPhone Developer";
				COPY_PHASE_STRIP = NO;
				DEBUG_INFORMATION_FORMAT = "dwarf-with-dsym";
				ENABLE_NS_ASSERTIONS = NO;
				ENABLE_STRICT_OBJC_MSGSEND = YES;
				GCC_C_LANGUAGE_STANDARD = gnu99;
				GCC_NO_COMMON_BLOCKS = YES;
				GCC_WARN_64_TO_32_BIT_CONVERSION = YES;
				GCC_WARN_ABOUT_RETURN_TYPE = YES_ERROR;
				GCC_WARN_UNDECLARED_SELECTOR = YES;
				GCC_WARN_UNINITIALIZED_AUTOS = YES_AGGRESSIVE;
				GCC_WARN_UNUSED_FUNCTION = YES;
				GCC_WARN_UNUSED_VARIABLE = YES;
				IPHONEOS_DEPLOYMENT_TARGET = 8.3;
				MTL_ENABLE_DEBUG_INFO = NO;
				SDKROOT = iphoneos;
				VALIDATE_PRODUCT = YES;
			};
			name = Release;
		};
		359CFF241ADC8F000031A416 /* Debug */ = {
			isa = XCBuildConfiguration;
			buildSettings = {
				ASSETCATALOG_COMPILER_APPICON_NAME = AppIcon;
				INFOPLIST_FILE = Keet/Info.plist;
				LD_RUNPATH_SEARCH_PATHS = "$(inherited) @executable_path/Frameworks";
				PRODUCT_NAME = "$(TARGET_NAME)";
			};
			name = Debug;
		};
		359CFF251ADC8F000031A416 /* Release */ = {
			isa = XCBuildConfiguration;
			buildSettings = {
				ASSETCATALOG_COMPILER_APPICON_NAME = AppIcon;
				INFOPLIST_FILE = Keet/Info.plist;
				LD_RUNPATH_SEARCH_PATHS = "$(inherited) @executable_path/Frameworks";
				PRODUCT_NAME = "$(TARGET_NAME)";
			};
			name = Release;
		};
		359CFF271ADC8F000031A416 /* Debug */ = {
			isa = XCBuildConfiguration;
			buildSettings = {
				BUNDLE_LOADER = "$(TEST_HOST)";
				FRAMEWORK_SEARCH_PATHS = (
					"$(SDKROOT)/Developer/Library/Frameworks",
					"$(inherited)",
				);
				GCC_PREPROCESSOR_DEFINITIONS = (
					"DEBUG=1",
					"$(inherited)",
				);
				INFOPLIST_FILE = KeetTests/Info.plist;
				LD_RUNPATH_SEARCH_PATHS = "$(inherited) @executable_path/Frameworks @loader_path/Frameworks";
				PRODUCT_NAME = "$(TARGET_NAME)";
				TEST_HOST = "$(BUILT_PRODUCTS_DIR)/Keet.app/Keet";
			};
			name = Debug;
		};
		359CFF281ADC8F000031A416 /* Release */ = {
			isa = XCBuildConfiguration;
			buildSettings = {
				BUNDLE_LOADER = "$(TEST_HOST)";
				FRAMEWORK_SEARCH_PATHS = (
					"$(SDKROOT)/Developer/Library/Frameworks",
					"$(inherited)",
				);
				INFOPLIST_FILE = KeetTests/Info.plist;
				LD_RUNPATH_SEARCH_PATHS = "$(inherited) @executable_path/Frameworks @loader_path/Frameworks";
				PRODUCT_NAME = "$(TARGET_NAME)";
				TEST_HOST = "$(BUILT_PRODUCTS_DIR)/Keet.app/Keet";
			};
			name = Release;
		};
/* End XCBuildConfiguration section */

/* Begin XCConfigurationList section */
		359CFEF81ADC8F000031A416 /* Build configuration list for PBXProject "Keet" */ = {
			isa = XCConfigurationList;
			buildConfigurations = (
				359CFF211ADC8F000031A416 /* Debug */,
				359CFF221ADC8F000031A416 /* Release */,
			);
			defaultConfigurationIsVisible = 0;
			defaultConfigurationName = Release;
		};
		359CFF231ADC8F000031A416 /* Build configuration list for PBXNativeTarget "Keet" */ = {
			isa = XCConfigurationList;
			buildConfigurations = (
				359CFF241ADC8F000031A416 /* Debug */,
				359CFF251ADC8F000031A416 /* Release */,
			);
			defaultConfigurationIsVisible = 0;
			defaultConfigurationName = Release;
		};
		359CFF261ADC8F000031A416 /* Build configuration list for PBXNativeTarget "KeetTests" */ = {
			isa = XCConfigurationList;
			buildConfigurations = (
				359CFF271ADC8F000031A416 /* Debug */,
				359CFF281ADC8F000031A416 /* Release */,
			);
			defaultConfigurationIsVisible = 0;
			defaultConfigurationName = Release;
		};
/* End XCConfigurationList section */
	};
	rootObject = 359CFEF51ADC8F000031A416 /* Project object */;
}
